
Microsoft Visual Studio Solution File, Format Version 12.00
# Visual Studio Version 17
VisualStudioVersion = 17.0.32112.339
MinimumVisualStudioVersion = 10.0.40219.1
Project("{FAE04EC0-301F-11D3-BF4B-00C04F79EFBC}") = "AssignmentM2M", "AssignmentM2M\AssignmentM2M.csproj", "{37A45199-3A63-4FB3-9DB0-51D27BB386C4}"
EndProject
Global
	GlobalSection(SolutionConfigurationPlatforms) = preSolution
		Debug|Any CPU = Debug|Any CPU
		Release|Any CPU = Release|Any CPU
	EndGlobalSection
	GlobalSection(ProjectConfigurationPlatforms) = postSolution
		{37A45199-3A63-4FB3-9DB0-51D27BB386C4}.Debug|Any CPU.ActiveCfg = Debug|Any CPU
		{37A45199-3A63-4FB3-9DB0-51D27BB386C4}.Debug|Any CPU.Build.0 = Debug|Any CPU
		{37A45199-3A63-4FB3-9DB0-51D27BB386C4}.Release|Any CPU.ActiveCfg = Release|Any CPU
		{37A45199-3A63-4FB3-9DB0-51D27BB386C4}.Release|Any CPU.Build.0 = Release|Any CPU
	EndGlobalSection
	GlobalSection(SolutionProperties) = preSolution
		HideSolutionNode = FALSE
	EndGlobalSection
	GlobalSection(ExtensibilityGlobals) = postSolution
		SolutionGuid = {83642E56-D03A-49B7-B2E6-4B1EAB4F9CFF}
	EndGlobalSection
EndGlobal
